// !$*UTF8*$!
{
	archiveVersion = 1;
	classes = {
	};
	objectVersion = 51;
	objects = {

/* Begin PBXBuildFile section */
		02B18D9326B2F03F0032A0B8 /* AppDelegate.swift in Sources */ = {isa = PBXBuildFile; fileRef = 02B18D9226B2F03F0032A0B8 /* AppDelegate.swift */; };
		02B18D9526B2F03F0032A0B8 /* SceneDelegate.swift in Sources */ = {isa = PBXBuildFile; fileRef = 02B18D9426B2F03F0032A0B8 /* SceneDelegate.swift */; };
		02B18D9726B2F03F0032A0B8 /* ViewController.swift in Sources */ = {isa = PBXBuildFile; fileRef = 02B18D9626B2F03F0032A0B8 /* ViewController.swift */; };
		02B18D9A26B2F03F0032A0B8 /* Main.storyboard in Resources */ = {isa = PBXBuildFile; fileRef = 02B18D9826B2F03F0032A0B8 /* Main.storyboard */; };
		02B18D9C26B2F0410032A0B8 /* Assets.xcassets in Resources */ = {isa = PBXBuildFile; fileRef = 02B18D9B26B2F0410032A0B8 /* Assets.xcassets */; };
		02B18D9F26B2F0410032A0B8 /* LaunchScreen.storyboard in Resources */ = {isa = PBXBuildFile; fileRef = 02B18D9D26B2F0410032A0B8 /* LaunchScreen.storyboard */; };
		02B18DAC26B2F0A80032A0B8 /* EmptyProcess.swift in Sources */ = {isa = PBXBuildFile; fileRef = 02B18DAB26B2F0A80032A0B8 /* EmptyProcess.swift */; };
		02B18DAE26B2F0D50032A0B8 /* EmptyDBModel.swift in Sources */ = {isa = PBXBuildFile; fileRef = 02B18DAD26B2F0D50032A0B8 /* EmptyDBModel.swift */; };
		02B18DB026B2F1270032A0B8 /* ExtensionUIButton.swift in Sources */ = {isa = PBXBuildFile; fileRef = 02B18DAF26B2F1270032A0B8 /* ExtensionUIButton.swift */; };
		02B18DB226B2F1B70032A0B8 /* Share.swift in Sources */ = {isa = PBXBuildFile; fileRef = 02B18DB126B2F1B70032A0B8 /* Share.swift */; };
		02B18DBA26B2F4260032A0B8 /* HKViewController.swift in Sources */ = {isa = PBXBuildFile; fileRef = 02B18DB926B2F4260032A0B8 /* HKViewController.swift */; };
		02B18DBC26B2F4350032A0B8 /* CHViewController.swift in Sources */ = {isa = PBXBuildFile; fileRef = 02B18DBB26B2F4350032A0B8 /* CHViewController.swift */; };
		02B18DBE26B2F4400032A0B8 /* DHViewController.swift in Sources */ = {isa = PBXBuildFile; fileRef = 02B18DBD26B2F4400032A0B8 /* DHViewController.swift */; };
		02B18DC026B2F4460032A0B8 /* SAViewController.swift in Sources */ = {isa = PBXBuildFile; fileRef = 02B18DBF26B2F4460032A0B8 /* SAViewController.swift */; };
		02B18DC326B2F45B0032A0B8 /* JWViewController.swift in Sources */ = {isa = PBXBuildFile; fileRef = 02B18DC226B2F45B0032A0B8 /* JWViewController.swift */; };
		02B18DC526B2F4650032A0B8 /* MJViewController.swift in Sources */ = {isa = PBXBuildFile; fileRef = 02B18DC426B2F4650032A0B8 /* MJViewController.swift */; };
		02B18DC726B2F48D0032A0B8 /* MJ.storyboard in Resources */ = {isa = PBXBuildFile; fileRef = 02B18DC626B2F48D0032A0B8 /* MJ.storyboard */; };
		02B18DC926B2F4990032A0B8 /* JW.storyboard in Resources */ = {isa = PBXBuildFile; fileRef = 02B18DC826B2F4990032A0B8 /* JW.storyboard */; };
		02B18DCB26B2F4A50032A0B8 /* SA.storyboard in Resources */ = {isa = PBXBuildFile; fileRef = 02B18DCA26B2F4A50032A0B8 /* SA.storyboard */; };
		02B18DCD26B2F4B30032A0B8 /* DH.storyboard in Resources */ = {isa = PBXBuildFile; fileRef = 02B18DCC26B2F4B30032A0B8 /* DH.storyboard */; };
		02B18DCF26B2F4BC0032A0B8 /* CH.storyboard in Resources */ = {isa = PBXBuildFile; fileRef = 02B18DCE26B2F4BC0032A0B8 /* CH.storyboard */; };
		02B18DD126B2F4C40032A0B8 /* HK.storyboard in Resources */ = {isa = PBXBuildFile; fileRef = 02B18DD026B2F4C40032A0B8 /* HK.storyboard */; };
		02D8AC5A26B30CEB0091D4E1 /* SignUpViewController.swift in Sources */ = {isa = PBXBuildFile; fileRef = 02D8AC5926B30CEB0091D4E1 /* SignUpViewController.swift */; };
		02D8AC5C26B312490091D4E1 /* LoginViewController.swift in Sources */ = {isa = PBXBuildFile; fileRef = 02D8AC5B26B312490091D4E1 /* LoginViewController.swift */; };
		02D8AC5E26B312590091D4E1 /* FindPasswordViewController.swift in Sources */ = {isa = PBXBuildFile; fileRef = 02D8AC5D26B312590091D4E1 /* FindPasswordViewController.swift */; };
		02D8AC6026B312960091D4E1 /* UserDBModel.swift in Sources */ = {isa = PBXBuildFile; fileRef = 02D8AC5F26B312960091D4E1 /* UserDBModel.swift */; };
		95C3E5F8B7E65BEEC0318FF1 /* Pods_BabyProject.framework in Frameworks */ = {isa = PBXBuildFile; fileRef = 15559C9459B13D8FFA45654B /* Pods_BabyProject.framework */; };
		F20B1AC926B4222F007A4117 /* SearchViewController.swift in Sources */ = {isa = PBXBuildFile; fileRef = F20B1AC826B4222F007A4117 /* SearchViewController.swift */; };
/* End PBXBuildFile section */

/* Begin PBXFileReference section */
		02B18D8F26B2F03F0032A0B8 /* BabyProject.app */ = {isa = PBXFileReference; explicitFileType = wrapper.application; includeInIndex = 0; path = BabyProject.app; sourceTree = BUILT_PRODUCTS_DIR; };
		02B18D9226B2F03F0032A0B8 /* AppDelegate.swift */ = {isa = PBXFileReference; lastKnownFileType = sourcecode.swift; path = AppDelegate.swift; sourceTree = "<group>"; };
		02B18D9426B2F03F0032A0B8 /* SceneDelegate.swift */ = {isa = PBXFileReference; lastKnownFileType = sourcecode.swift; path = SceneDelegate.swift; sourceTree = "<group>"; };
		02B18D9626B2F03F0032A0B8 /* ViewController.swift */ = {isa = PBXFileReference; lastKnownFileType = sourcecode.swift; path = ViewController.swift; sourceTree = "<group>"; };
		02B18D9926B2F03F0032A0B8 /* Base */ = {isa = PBXFileReference; lastKnownFileType = file.storyboard; name = Base; path = Base.lproj/Main.storyboard; sourceTree = "<group>"; };
		02B18D9B26B2F0410032A0B8 /* Assets.xcassets */ = {isa = PBXFileReference; lastKnownFileType = folder.assetcatalog; path = Assets.xcassets; sourceTree = "<group>"; };
		02B18D9E26B2F0410032A0B8 /* Base */ = {isa = PBXFileReference; lastKnownFileType = file.storyboard; name = Base; path = Base.lproj/LaunchScreen.storyboard; sourceTree = "<group>"; };
		02B18DA026B2F0410032A0B8 /* Info.plist */ = {isa = PBXFileReference; lastKnownFileType = text.plist.xml; path = Info.plist; sourceTree = "<group>"; };
		02B18DAB26B2F0A80032A0B8 /* EmptyProcess.swift */ = {isa = PBXFileReference; lastKnownFileType = sourcecode.swift; path = EmptyProcess.swift; sourceTree = "<group>"; };
		02B18DAD26B2F0D50032A0B8 /* EmptyDBModel.swift */ = {isa = PBXFileReference; lastKnownFileType = sourcecode.swift; path = EmptyDBModel.swift; sourceTree = "<group>"; };
		02B18DAF26B2F1270032A0B8 /* ExtensionUIButton.swift */ = {isa = PBXFileReference; lastKnownFileType = sourcecode.swift; path = ExtensionUIButton.swift; sourceTree = "<group>"; };
		02B18DB126B2F1B70032A0B8 /* Share.swift */ = {isa = PBXFileReference; lastKnownFileType = sourcecode.swift; path = Share.swift; sourceTree = "<group>"; };
		02B18DB926B2F4260032A0B8 /* HKViewController.swift */ = {isa = PBXFileReference; lastKnownFileType = sourcecode.swift; path = HKViewController.swift; sourceTree = "<group>"; };
		02B18DBB26B2F4350032A0B8 /* CHViewController.swift */ = {isa = PBXFileReference; lastKnownFileType = sourcecode.swift; path = CHViewController.swift; sourceTree = "<group>"; };
		02B18DBD26B2F4400032A0B8 /* DHViewController.swift */ = {isa = PBXFileReference; lastKnownFileType = sourcecode.swift; path = DHViewController.swift; sourceTree = "<group>"; };
		02B18DBF26B2F4460032A0B8 /* SAViewController.swift */ = {isa = PBXFileReference; lastKnownFileType = sourcecode.swift; path = SAViewController.swift; sourceTree = "<group>"; };
		02B18DC226B2F45B0032A0B8 /* JWViewController.swift */ = {isa = PBXFileReference; lastKnownFileType = sourcecode.swift; path = JWViewController.swift; sourceTree = "<group>"; };
		02B18DC426B2F4650032A0B8 /* MJViewController.swift */ = {isa = PBXFileReference; lastKnownFileType = sourcecode.swift; path = MJViewController.swift; sourceTree = "<group>"; };
		02B18DC626B2F48D0032A0B8 /* MJ.storyboard */ = {isa = PBXFileReference; lastKnownFileType = file.storyboard; path = MJ.storyboard; sourceTree = "<group>"; };
		02B18DC826B2F4990032A0B8 /* JW.storyboard */ = {isa = PBXFileReference; lastKnownFileType = file.storyboard; path = JW.storyboard; sourceTree = "<group>"; };
		02B18DCA26B2F4A50032A0B8 /* SA.storyboard */ = {isa = PBXFileReference; lastKnownFileType = file.storyboard; path = SA.storyboard; sourceTree = "<group>"; };
		02B18DCC26B2F4B30032A0B8 /* DH.storyboard */ = {isa = PBXFileReference; lastKnownFileType = file.storyboard; path = DH.storyboard; sourceTree = "<group>"; };
		02B18DCE26B2F4BC0032A0B8 /* CH.storyboard */ = {isa = PBXFileReference; lastKnownFileType = file.storyboard; path = CH.storyboard; sourceTree = "<group>"; };
		02B18DD026B2F4C40032A0B8 /* HK.storyboard */ = {isa = PBXFileReference; lastKnownFileType = file.storyboard; path = HK.storyboard; sourceTree = "<group>"; };
		02D8AC5926B30CEB0091D4E1 /* SignUpViewController.swift */ = {isa = PBXFileReference; lastKnownFileType = sourcecode.swift; path = SignUpViewController.swift; sourceTree = "<group>"; };
		02D8AC5B26B312490091D4E1 /* LoginViewController.swift */ = {isa = PBXFileReference; lastKnownFileType = sourcecode.swift; path = LoginViewController.swift; sourceTree = "<group>"; };
		02D8AC5D26B312590091D4E1 /* FindPasswordViewController.swift */ = {isa = PBXFileReference; lastKnownFileType = sourcecode.swift; path = FindPasswordViewController.swift; sourceTree = "<group>"; };
		02D8AC5F26B312960091D4E1 /* UserDBModel.swift */ = {isa = PBXFileReference; lastKnownFileType = sourcecode.swift; path = UserDBModel.swift; sourceTree = "<group>"; };
		15559C9459B13D8FFA45654B /* Pods_BabyProject.framework */ = {isa = PBXFileReference; explicitFileType = wrapper.framework; includeInIndex = 0; path = Pods_BabyProject.framework; sourceTree = BUILT_PRODUCTS_DIR; };
		6D1044F107F927ED3FB80F5C /* Pods-BabyProject.debug.xcconfig */ = {isa = PBXFileReference; includeInIndex = 1; lastKnownFileType = text.xcconfig; name = "Pods-BabyProject.debug.xcconfig"; path = "Target Support Files/Pods-BabyProject/Pods-BabyProject.debug.xcconfig"; sourceTree = "<group>"; };
		E1BC7AF6BDF9ABF086969E2A /* Pods-BabyProject.release.xcconfig */ = {isa = PBXFileReference; includeInIndex = 1; lastKnownFileType = text.xcconfig; name = "Pods-BabyProject.release.xcconfig"; path = "Target Support Files/Pods-BabyProject/Pods-BabyProject.release.xcconfig"; sourceTree = "<group>"; };
		F20B1AC826B4222F007A4117 /* SearchViewController.swift */ = {isa = PBXFileReference; lastKnownFileType = sourcecode.swift; path = SearchViewController.swift; sourceTree = "<group>"; };
/* End PBXFileReference section */

/* Begin PBXFrameworksBuildPhase section */
		02B18D8C26B2F03F0032A0B8 /* Frameworks */ = {
			isa = PBXFrameworksBuildPhase;
			buildActionMask = 2147483647;
			files = (
				95C3E5F8B7E65BEEC0318FF1 /* Pods_BabyProject.framework in Frameworks */,
			);
			runOnlyForDeploymentPostprocessing = 0;
		};
/* End PBXFrameworksBuildPhase section */

/* Begin PBXGroup section */
		02B18D8626B2F03F0032A0B8 = {
			isa = PBXGroup;
			children = (
				02B18D9126B2F03F0032A0B8 /* BabyProject */,
				02B18D9026B2F03F0032A0B8 /* Products */,
				EE8AE862088739150A06820C /* Pods */,
				8E19DE8345DCBF03A0363490 /* Frameworks */,
			);
			sourceTree = "<group>";
		};
		02B18D9026B2F03F0032A0B8 /* Products */ = {
			isa = PBXGroup;
			children = (
				02B18D8F26B2F03F0032A0B8 /* BabyProject.app */,
			);
			name = Products;
			sourceTree = "<group>";
		};
		02B18D9126B2F03F0032A0B8 /* BabyProject */ = {
			isa = PBXGroup;
			children = (
				02B18DB326B2F3F40032A0B8 /* HK */,
				02B18DB826B2F4140032A0B8 /* CH */,
				02B18DB726B2F40E0032A0B8 /* DH */,
				02B18DB626B2F40A0032A0B8 /* SA */,
				02B18DB526B2F4060032A0B8 /* JW */,
				02B18DB426B2F3F80032A0B8 /* MJ */,
				02B18DAA26B2F0960032A0B8 /* Process */,
				02B18DA926B2F08C0032A0B8 /* DBModel */,
				02B18DA826B2F0820032A0B8 /* Util */,
				02B18DA726B2F07B0032A0B8 /* Common */,
				02B18DA626B2F0600032A0B8 /* Controller */,
				02B18D9226B2F03F0032A0B8 /* AppDelegate.swift */,
				02B18D9426B2F03F0032A0B8 /* SceneDelegate.swift */,
				02B18D9826B2F03F0032A0B8 /* Main.storyboard */,
				02B18D9B26B2F0410032A0B8 /* Assets.xcassets */,
				02B18DA026B2F0410032A0B8 /* Info.plist */,
				02B18D9D26B2F0410032A0B8 /* LaunchScreen.storyboard */,
				02B18DC626B2F48D0032A0B8 /* MJ.storyboard */,
				02B18DC826B2F4990032A0B8 /* JW.storyboard */,
				02B18DCA26B2F4A50032A0B8 /* SA.storyboard */,
				02B18DCC26B2F4B30032A0B8 /* DH.storyboard */,
				02B18DCE26B2F4BC0032A0B8 /* CH.storyboard */,
				02B18DD026B2F4C40032A0B8 /* HK.storyboard */,
			);
			path = BabyProject;
			sourceTree = "<group>";
		};
		02B18DA626B2F0600032A0B8 /* Controller */ = {
			isa = PBXGroup;
			children = (
				02B18D9626B2F03F0032A0B8 /* ViewController.swift */,
			);
			path = Controller;
			sourceTree = "<group>";
		};
		02B18DA726B2F07B0032A0B8 /* Common */ = {
			isa = PBXGroup;
			children = (
				02B18DB126B2F1B70032A0B8 /* Share.swift */,
			);
			path = Common;
			sourceTree = "<group>";
		};
		02B18DA826B2F0820032A0B8 /* Util */ = {
			isa = PBXGroup;
			children = (
				02B18DAF26B2F1270032A0B8 /* ExtensionUIButton.swift */,
			);
			path = Util;
			sourceTree = "<group>";
		};
		02B18DA926B2F08C0032A0B8 /* DBModel */ = {
			isa = PBXGroup;
			children = (
				02B18DAD26B2F0D50032A0B8 /* EmptyDBModel.swift */,
				02D8AC5F26B312960091D4E1 /* UserDBModel.swift */,
			);
			path = DBModel;
			sourceTree = "<group>";
		};
		02B18DAA26B2F0960032A0B8 /* Process */ = {
			isa = PBXGroup;
			children = (
				02B18DAB26B2F0A80032A0B8 /* EmptyProcess.swift */,
			);
			path = Process;
			sourceTree = "<group>";
		};
		02B18DB326B2F3F40032A0B8 /* HK */ = {
			isa = PBXGroup;
			children = (
				02B18DB926B2F4260032A0B8 /* HKViewController.swift */,
				02D8AC5926B30CEB0091D4E1 /* SignUpViewController.swift */,
				02D8AC5B26B312490091D4E1 /* LoginViewController.swift */,
				02D8AC5D26B312590091D4E1 /* FindPasswordViewController.swift */,
			);
			path = HK;
			sourceTree = "<group>";
		};
		02B18DB426B2F3F80032A0B8 /* MJ */ = {
			isa = PBXGroup;
			children = (
				02B18DC426B2F4650032A0B8 /* MJViewController.swift */,
			);
			path = MJ;
			sourceTree = "<group>";
		};
		02B18DB526B2F4060032A0B8 /* JW */ = {
			isa = PBXGroup;
			children = (
				02B18DC226B2F45B0032A0B8 /* JWViewController.swift */,
				F20B1AC826B4222F007A4117 /* SearchViewController.swift */,
			);
			path = JW;
			sourceTree = "<group>";
		};
		02B18DB626B2F40A0032A0B8 /* SA */ = {
			isa = PBXGroup;
			children = (
				02B18DBF26B2F4460032A0B8 /* SAViewController.swift */,
			);
			path = SA;
			sourceTree = "<group>";
		};
		02B18DB726B2F40E0032A0B8 /* DH */ = {
			isa = PBXGroup;
			children = (
				02B18DBD26B2F4400032A0B8 /* DHViewController.swift */,
			);
			path = DH;
			sourceTree = "<group>";
		};
		02B18DB826B2F4140032A0B8 /* CH */ = {
			isa = PBXGroup;
			children = (
				02B18DBB26B2F4350032A0B8 /* CHViewController.swift */,
			);
			path = CH;
			sourceTree = "<group>";
		};
		8E19DE8345DCBF03A0363490 /* Frameworks */ = {
			isa = PBXGroup;
			children = (
				15559C9459B13D8FFA45654B /* Pods_BabyProject.framework */,
			);
			name = Frameworks;
			sourceTree = "<group>";
		};
		EE8AE862088739150A06820C /* Pods */ = {
			isa = PBXGroup;
			children = (
				6D1044F107F927ED3FB80F5C /* Pods-BabyProject.debug.xcconfig */,
				E1BC7AF6BDF9ABF086969E2A /* Pods-BabyProject.release.xcconfig */,
			);
			path = Pods;
			sourceTree = "<group>";
		};
/* End PBXGroup section */

/* Begin PBXNativeTarget section */
		02B18D8E26B2F03F0032A0B8 /* BabyProject */ = {
			isa = PBXNativeTarget;
			buildConfigurationList = 02B18DA326B2F0410032A0B8 /* Build configuration list for PBXNativeTarget "BabyProject" */;
			buildPhases = (
				9BEF4C34C9220ED8060B5889 /* [CP] Check Pods Manifest.lock */,
				02B18D8B26B2F03F0032A0B8 /* Sources */,
				02B18D8C26B2F03F0032A0B8 /* Frameworks */,
				02B18D8D26B2F03F0032A0B8 /* Resources */,
				DC020474AA845C5FECAB6A05 /* [CP] Embed Pods Frameworks */,
			);
			buildRules = (
			);
			dependencies = (
			);
			name = BabyProject;
			productName = BabyProject;
			productReference = 02B18D8F26B2F03F0032A0B8 /* BabyProject.app */;
			productType = "com.apple.product-type.application";
		};
/* End PBXNativeTarget section */

/* Begin PBXProject section */
		02B18D8726B2F03F0032A0B8 /* Project object */ = {
			isa = PBXProject;
			attributes = {
				LastSwiftUpdateCheck = 1250;
				LastUpgradeCheck = 1250;
				TargetAttributes = {
					02B18D8E26B2F03F0032A0B8 = {
						CreatedOnToolsVersion = 12.5.1;
					};
				};
			};
			buildConfigurationList = 02B18D8A26B2F03F0032A0B8 /* Build configuration list for PBXProject "BabyProject" */;
			compatibilityVersion = "Xcode 9.3";
			developmentRegion = en;
			hasScannedForEncodings = 0;
			knownRegions = (
				en,
				Base,
			);
			mainGroup = 02B18D8626B2F03F0032A0B8;
			productRefGroup = 02B18D9026B2F03F0032A0B8 /* Products */;
			projectDirPath = "";
			projectRoot = "";
			targets = (
				02B18D8E26B2F03F0032A0B8 /* BabyProject */,
			);
		};
/* End PBXProject section */

/* Begin PBXResourcesBuildPhase section */
		02B18D8D26B2F03F0032A0B8 /* Resources */ = {
			isa = PBXResourcesBuildPhase;
			buildActionMask = 2147483647;
			files = (
				02B18D9F26B2F0410032A0B8 /* LaunchScreen.storyboard in Resources */,
				02B18D9C26B2F0410032A0B8 /* Assets.xcassets in Resources */,
				02B18DCB26B2F4A50032A0B8 /* SA.storyboard in Resources */,
				02B18D9A26B2F03F0032A0B8 /* Main.storyboard in Resources */,
				02B18DCD26B2F4B30032A0B8 /* DH.storyboard in Resources */,
				02B18DD126B2F4C40032A0B8 /* HK.storyboard in Resources */,
				02B18DC726B2F48D0032A0B8 /* MJ.storyboard in Resources */,
				02B18DC926B2F4990032A0B8 /* JW.storyboard in Resources */,
				02B18DCF26B2F4BC0032A0B8 /* CH.storyboard in Resources */,
			);
			runOnlyForDeploymentPostprocessing = 0;
		};
/* End PBXResourcesBuildPhase section */

/* Begin PBXShellScriptBuildPhase section */
		9BEF4C34C9220ED8060B5889 /* [CP] Check Pods Manifest.lock */ = {
			isa = PBXShellScriptBuildPhase;
			buildActionMask = 2147483647;
			files = (
			);
			inputFileListPaths = (
			);
			inputPaths = (
				"${PODS_PODFILE_DIR_PATH}/Podfile.lock",
				"${PODS_ROOT}/Manifest.lock",
			);
			name = "[CP] Check Pods Manifest.lock";
			outputFileListPaths = (
			);
			outputPaths = (
				"$(DERIVED_FILE_DIR)/Pods-BabyProject-checkManifestLockResult.txt",
			);
			runOnlyForDeploymentPostprocessing = 0;
			shellPath = /bin/sh;
			shellScript = "diff \"${PODS_PODFILE_DIR_PATH}/Podfile.lock\" \"${PODS_ROOT}/Manifest.lock\" > /dev/null\nif [ $? != 0 ] ; then\n    # print error to STDERR\n    echo \"error: The sandbox is not in sync with the Podfile.lock. Run 'pod install' or update your CocoaPods installation.\" >&2\n    exit 1\nfi\n# This output is used by Xcode 'outputs' to avoid re-running this script phase.\necho \"SUCCESS\" > \"${SCRIPT_OUTPUT_FILE_0}\"\n";
			showEnvVarsInLog = 0;
		};
		DC020474AA845C5FECAB6A05 /* [CP] Embed Pods Frameworks */ = {
			isa = PBXShellScriptBuildPhase;
			buildActionMask = 2147483647;
			files = (
			);
			inputFileListPaths = (
				"${PODS_ROOT}/Target Support Files/Pods-BabyProject/Pods-BabyProject-frameworks-${CONFIGURATION}-input-files.xcfilelist",
			);
			name = "[CP] Embed Pods Frameworks";
			outputFileListPaths = (
				"${PODS_ROOT}/Target Support Files/Pods-BabyProject/Pods-BabyProject-frameworks-${CONFIGURATION}-output-files.xcfilelist",
			);
			runOnlyForDeploymentPostprocessing = 0;
			shellPath = /bin/sh;
			shellScript = "\"${PODS_ROOT}/Target Support Files/Pods-BabyProject/Pods-BabyProject-frameworks.sh\"\n";
			showEnvVarsInLog = 0;
		};
/* End PBXShellScriptBuildPhase section */

/* Begin PBXSourcesBuildPhase section */
		02B18D8B26B2F03F0032A0B8 /* Sources */ = {
			isa = PBXSourcesBuildPhase;
			buildActionMask = 2147483647;
			files = (
				02B18D9726B2F03F0032A0B8 /* ViewController.swift in Sources */,
				02B18D9326B2F03F0032A0B8 /* AppDelegate.swift in Sources */,
				02B18DBE26B2F4400032A0B8 /* DHViewController.swift in Sources */,
				02D8AC6026B312960091D4E1 /* UserDBModel.swift in Sources */,
				02D8AC5C26B312490091D4E1 /* LoginViewController.swift in Sources */,
				02B18DB226B2F1B70032A0B8 /* Share.swift in Sources */,
				02B18DC026B2F4460032A0B8 /* SAViewController.swift in Sources */,
				02B18DC326B2F45B0032A0B8 /* JWViewController.swift in Sources */,
				02B18DBA26B2F4260032A0B8 /* HKViewController.swift in Sources */,
				02B18DC526B2F4650032A0B8 /* MJViewController.swift in Sources */,
				02D8AC5A26B30CEB0091D4E1 /* SignUpViewController.swift in Sources */,
				02B18D9526B2F03F0032A0B8 /* SceneDelegate.swift in Sources */,
				F20B1AC926B4222F007A4117 /* SearchViewController.swift in Sources */,
				02B18DAE26B2F0D50032A0B8 /* EmptyDBModel.swift in Sources */,
				02D8AC5E26B312590091D4E1 /* FindPasswordViewController.swift in Sources */,
				02B18DAC26B2F0A80032A0B8 /* EmptyProcess.swift in Sources */,
				02B18DBC26B2F4350032A0B8 /* CHViewController.swift in Sources */,
				02B18DB026B2F1270032A0B8 /* ExtensionUIButton.swift in Sources */,
			);
			runOnlyForDeploymentPostprocessing = 0;
		};
/* End PBXSourcesBuildPhase section */

/* Begin PBXVariantGroup section */
		02B18D9826B2F03F0032A0B8 /* Main.storyboard */ = {
			isa = PBXVariantGroup;
			children = (
				02B18D9926B2F03F0032A0B8 /* Base */,
			);
			name = Main.storyboard;
			sourceTree = "<group>";
		};
		02B18D9D26B2F0410032A0B8 /* LaunchScreen.storyboard */ = {
			isa = PBXVariantGroup;
			children = (
				02B18D9E26B2F0410032A0B8 /* Base */,
			);
			name = LaunchScreen.storyboard;
			sourceTree = "<group>";
		};
/* End PBXVariantGroup section */

/* Begin XCBuildConfiguration section */
		02B18DA126B2F0410032A0B8 /* Debug */ = {
			isa = XCBuildConfiguration;
			buildSettings = {
				ALWAYS_SEARCH_USER_PATHS = NO;
				CLANG_ANALYZER_NONNULL = YES;
				CLANG_ANALYZER_NUMBER_OBJECT_CONVERSION = YES_AGGRESSIVE;
				CLANG_CXX_LANGUAGE_STANDARD = "gnu++14";
				CLANG_CXX_LIBRARY = "libc++";
				CLANG_ENABLE_MODULES = YES;
				CLANG_ENABLE_OBJC_ARC = YES;
				CLANG_ENABLE_OBJC_WEAK = YES;
				CLANG_WARN_BLOCK_CAPTURE_AUTORELEASING = YES;
				CLANG_WARN_BOOL_CONVERSION = YES;
				CLANG_WARN_COMMA = YES;
				CLANG_WARN_CONSTANT_CONVERSION = YES;
				CLANG_WARN_DEPRECATED_OBJC_IMPLEMENTATIONS = YES;
				CLANG_WARN_DIRECT_OBJC_ISA_USAGE = YES_ERROR;
				CLANG_WARN_DOCUMENTATION_COMMENTS = YES;
				CLANG_WARN_EMPTY_BODY = YES;
				CLANG_WARN_ENUM_CONVERSION = YES;
				CLANG_WARN_INFINITE_RECURSION = YES;
				CLANG_WARN_INT_CONVERSION = YES;
				CLANG_WARN_NON_LITERAL_NULL_CONVERSION = YES;
				CLANG_WARN_OBJC_IMPLICIT_RETAIN_SELF = YES;
				CLANG_WARN_OBJC_LITERAL_CONVERSION = YES;
				CLANG_WARN_OBJC_ROOT_CLASS = YES_ERROR;
				CLANG_WARN_QUOTED_INCLUDE_IN_FRAMEWORK_HEADER = YES;
				CLANG_WARN_RANGE_LOOP_ANALYSIS = YES;
				CLANG_WARN_STRICT_PROTOTYPES = YES;
				CLANG_WARN_SUSPICIOUS_MOVE = YES;
				CLANG_WARN_UNGUARDED_AVAILABILITY = YES_AGGRESSIVE;
				CLANG_WARN_UNREACHABLE_CODE = YES;
				CLANG_WARN__DUPLICATE_METHOD_MATCH = YES;
				COPY_PHASE_STRIP = NO;
				DEBUG_INFORMATION_FORMAT = dwarf;
				ENABLE_STRICT_OBJC_MSGSEND = YES;
				ENABLE_TESTABILITY = YES;
				GCC_C_LANGUAGE_STANDARD = gnu11;
				GCC_DYNAMIC_NO_PIC = NO;
				GCC_NO_COMMON_BLOCKS = YES;
				GCC_OPTIMIZATION_LEVEL = 0;
				GCC_PREPROCESSOR_DEFINITIONS = (
					"DEBUG=1",
					"$(inherited)",
				);
				GCC_WARN_64_TO_32_BIT_CONVERSION = YES;
				GCC_WARN_ABOUT_RETURN_TYPE = YES_ERROR;
				GCC_WARN_UNDECLARED_SELECTOR = YES;
				GCC_WARN_UNINITIALIZED_AUTOS = YES_AGGRESSIVE;
				GCC_WARN_UNUSED_FUNCTION = YES;
				GCC_WARN_UNUSED_VARIABLE = YES;
				IPHONEOS_DEPLOYMENT_TARGET = 14.5;
				MTL_ENABLE_DEBUG_INFO = INCLUDE_SOURCE;
				MTL_FAST_MATH = YES;
				ONLY_ACTIVE_ARCH = YES;
				SDKROOT = iphoneos;
				SWIFT_ACTIVE_COMPILATION_CONDITIONS = DEBUG;
				SWIFT_OPTIMIZATION_LEVEL = "-Onone";
			};
			name = Debug;
		};
		02B18DA226B2F0410032A0B8 /* Release */ = {
			isa = XCBuildConfiguration;
			buildSettings = {
				ALWAYS_SEARCH_USER_PATHS = NO;
				CLANG_ANALYZER_NONNULL = YES;
				CLANG_ANALYZER_NUMBER_OBJECT_CONVERSION = YES_AGGRESSIVE;
				CLANG_CXX_LANGUAGE_STANDARD = "gnu++14";
				CLANG_CXX_LIBRARY = "libc++";
				CLANG_ENABLE_MODULES = YES;
				CLANG_ENABLE_OBJC_ARC = YES;
				CLANG_ENABLE_OBJC_WEAK = YES;
				CLANG_WARN_BLOCK_CAPTURE_AUTORELEASING = YES;
				CLANG_WARN_BOOL_CONVERSION = YES;
				CLANG_WARN_COMMA = YES;
				CLANG_WARN_CONSTANT_CONVERSION = YES;
				CLANG_WARN_DEPRECATED_OBJC_IMPLEMENTATIONS = YES;
				CLANG_WARN_DIRECT_OBJC_ISA_USAGE = YES_ERROR;
				CLANG_WARN_DOCUMENTATION_COMMENTS = YES;
				CLANG_WARN_EMPTY_BODY = YES;
				CLANG_WARN_ENUM_CONVERSION = YES;
				CLANG_WARN_INFINITE_RECURSION = YES;
				CLANG_WARN_INT_CONVERSION = YES;
				CLANG_WARN_NON_LITERAL_NULL_CONVERSION = YES;
				CLANG_WARN_OBJC_IMPLICIT_RETAIN_SELF = YES;
				CLANG_WARN_OBJC_LITERAL_CONVERSION = YES;
				CLANG_WARN_OBJC_ROOT_CLASS = YES_ERROR;
				CLANG_WARN_QUOTED_INCLUDE_IN_FRAMEWORK_HEADER = YES;
				CLANG_WARN_RANGE_LOOP_ANALYSIS = YES;
				CLANG_WARN_STRICT_PROTOTYPES = YES;
				CLANG_WARN_SUSPICIOUS_MOVE = YES;
				CLANG_WARN_UNGUARDED_AVAILABILITY = YES_AGGRESSIVE;
				CLANG_WARN_UNREACHABLE_CODE = YES;
				CLANG_WARN__DUPLICATE_METHOD_MATCH = YES;
				COPY_PHASE_STRIP = NO;
				DEBUG_INFORMATION_FORMAT = "dwarf-with-dsym";
				ENABLE_NS_ASSERTIONS = NO;
				ENABLE_STRICT_OBJC_MSGSEND = YES;
				GCC_C_LANGUAGE_STANDARD = gnu11;
				GCC_NO_COMMON_BLOCKS = YES;
				GCC_WARN_64_TO_32_BIT_CONVERSION = YES;
				GCC_WARN_ABOUT_RETURN_TYPE = YES_ERROR;
				GCC_WARN_UNDECLARED_SELECTOR = YES;
				GCC_WARN_UNINITIALIZED_AUTOS = YES_AGGRESSIVE;
				GCC_WARN_UNUSED_FUNCTION = YES;
				GCC_WARN_UNUSED_VARIABLE = YES;
				IPHONEOS_DEPLOYMENT_TARGET = 14.5;
				MTL_ENABLE_DEBUG_INFO = NO;
				MTL_FAST_MATH = YES;
				SDKROOT = iphoneos;
				SWIFT_COMPILATION_MODE = wholemodule;
				SWIFT_OPTIMIZATION_LEVEL = "-O";
				VALIDATE_PRODUCT = YES;
			};
			name = Release;
		};
		02B18DA426B2F0410032A0B8 /* Debug */ = {
			isa = XCBuildConfiguration;
			baseConfigurationReference = 6D1044F107F927ED3FB80F5C /* Pods-BabyProject.debug.xcconfig */;
			buildSettings = {
				ASSETCATALOG_COMPILER_APPICON_NAME = AppIcon;
				ASSETCATALOG_COMPILER_GLOBAL_ACCENT_COLOR_NAME = AccentColor;
				CODE_SIGN_STYLE = Automatic;
				DEVELOPMENT_TEAM = ZG542GY9D4;
				INFOPLIST_FILE = BabyProject/Info.plist;
				IPHONEOS_DEPLOYMENT_TARGET = 14.3;
				LD_RUNPATH_SEARCH_PATHS = (
					"$(inherited)",
					"@executable_path/Frameworks",
				);
				PRODUCT_BUNDLE_IDENTIFIER = com.iosproject.BabyProject;
				PRODUCT_NAME = "$(TARGET_NAME)";
				SWIFT_VERSION = 5.0;
				TARGETED_DEVICE_FAMILY = "1,2";
			};
			name = Debug;
		};
		02B18DA526B2F0410032A0B8 /* Release */ = {
			isa = XCBuildConfiguration;
			baseConfigurationReference = E1BC7AF6BDF9ABF086969E2A /* Pods-BabyProject.release.xcconfig */;
			buildSettings = {
				ASSETCATALOG_COMPILER_APPICON_NAME = AppIcon;
				ASSETCATALOG_COMPILER_GLOBAL_ACCENT_COLOR_NAME = AccentColor;
				CODE_SIGN_STYLE = Automatic;
				DEVELOPMENT_TEAM = ZG542GY9D4;
				INFOPLIST_FILE = BabyProject/Info.plist;
				IPHONEOS_DEPLOYMENT_TARGET = 14.3;
				LD_RUNPATH_SEARCH_PATHS = (
					"$(inherited)",
					"@executable_path/Frameworks",
				);
				PRODUCT_BUNDLE_IDENTIFIER = com.iosproject.BabyProject;
				PRODUCT_NAME = "$(TARGET_NAME)";
				SWIFT_VERSION = 5.0;
				TARGETED_DEVICE_FAMILY = "1,2";
			};
			name = Release;
		};
/* End XCBuildConfiguration section */

/* Begin XCConfigurationList section */
		02B18D8A26B2F03F0032A0B8 /* Build configuration list for PBXProject "BabyProject" */ = {
			isa = XCConfigurationList;
			buildConfigurations = (
				02B18DA126B2F0410032A0B8 /* Debug */,
				02B18DA226B2F0410032A0B8 /* Release */,
			);
			defaultConfigurationIsVisible = 0;
			defaultConfigurationName = Release;
		};
		02B18DA326B2F0410032A0B8 /* Build configuration list for PBXNativeTarget "BabyProject" */ = {
			isa = XCConfigurationList;
			buildConfigurations = (
				02B18DA426B2F0410032A0B8 /* Debug */,
				02B18DA526B2F0410032A0B8 /* Release */,
			);
			defaultConfigurationIsVisible = 0;
			defaultConfigurationName = Release;
		};
/* End XCConfigurationList section */
	};
	rootObject = 02B18D8726B2F03F0032A0B8 /* Project object */;
}